// !$*UTF8*$!
{
	archiveVersion = 1;
	classes = {
	};
	objectVersion = 46;
	objects = {

/* Begin PBXBuildFile section */
		5706FE811857AF0F00E57ECA /* PDImportViewController.m in Sources */ = {isa = PBXBuildFile; fileRef = 5706FE801857AF0F00E57ECA /* PDImportViewController.m */; };
		5706FE841857AF1B00E57ECA /* PDImportView.xib in Resources */ = {isa = PBXBuildFile; fileRef = 5706FE821857AF1B00E57ECA /* PDImportView.xib */; };
		570701D818400506008D39D4 /* app-icon.icns in Resources */ = {isa = PBXBuildFile; fileRef = 570701D718400506008D39D4 /* app-icon.icns */; };
		57075C79185D2FC30097E15A /* PDLibraryView.m in Sources */ = {isa = PBXBuildFile; fileRef = 57075C78185D2FC30097E15A /* PDLibraryView.m */; };
		570A572A1833D21C0052A246 /* PDImageView.m in Sources */ = {isa = PBXBuildFile; fileRef = 570A57291833D21C0052A246 /* PDImageView.m */; };
		5717B44D18424A6000149627 /* PDMetadataItemView.m in Sources */ = {isa = PBXBuildFile; fileRef = 5717B44A18424A6000149627 /* PDMetadataItemView.m */; };
		5717B44E18424A6000149627 /* PDMetadataView.m in Sources */ = {isa = PBXBuildFile; fileRef = 5717B44C18424A6000149627 /* PDMetadataView.m */; };
		5727CDA3184A3EB3007BF7E8 /* PDPredicatePanelController.m in Sources */ = {isa = PBXBuildFile; fileRef = 5727CDA2184A3EB3007BF7E8 /* PDPredicatePanelController.m */; };
		5727CDA6184A3EC7007BF7E8 /* PDPredicatePanel.xib in Resources */ = {isa = PBXBuildFile; fileRef = 5727CDA4184A3EC7007BF7E8 /* PDPredicatePanel.xib */; };
		5744D74F1854CCDA0079F8CD /* PDLibraryDevice.m in Sources */ = {isa = PBXBuildFile; fileRef = 5744D74E1854CCDA0079F8CD /* PDLibraryDevice.m */; };
		574B786E185917BC0095FC87 /* PDFoundationExtensions.m in Sources */ = {isa = PBXBuildFile; fileRef = 574B786D185917BB0095FC87 /* PDFoundationExtensions.m */; };
		575167721852451800163CD8 /* PDImageLibrary.m in Sources */ = {isa = PBXBuildFile; fileRef = 575167711852451800163CD8 /* PDImageLibrary.m */; };
		5760022B1844FB7000B398D1 /* image-properties.strings in Resources */ = {isa = PBXBuildFile; fileRef = 576002291844FB7000B398D1 /* image-properties.strings */; };
		577BDBF3182D792800116AF2 /* InfoPlist.strings in Resources */ = {isa = PBXBuildFile; fileRef = 577BDBF1182D792800116AF2 /* InfoPlist.strings */; };
		577BDBF5182D792800116AF2 /* main.m in Sources */ = {isa = PBXBuildFile; fileRef = 577BDBF4182D792800116AF2 /* main.m */; };
		577BDBFC182D792800116AF2 /* PDAppDelegate.m in Sources */ = {isa = PBXBuildFile; fileRef = 577BDBFB182D792800116AF2 /* PDAppDelegate.m */; };
		577BDC01182D792800116AF2 /* Images.xcassets in Resources */ = {isa = PBXBuildFile; fileRef = 577BDC00182D792800116AF2 /* Images.xcassets */; };
		578F0FD0182D91FD001A5152 /* MainMenu.xib in Resources */ = {isa = PBXBuildFile; fileRef = 578F0FC2182D91FD001A5152 /* MainMenu.xib */; };
		578F0FD1182D91FD001A5152 /* PDAdjustmentsView.xib in Resources */ = {isa = PBXBuildFile; fileRef = 578F0FC4182D91FD001A5152 /* PDAdjustmentsView.xib */; };
		578F0FD2182D91FD001A5152 /* PDImageListView.xib in Resources */ = {isa = PBXBuildFile; fileRef = 578F0FC6182D91FD001A5152 /* PDImageListView.xib */; };
		578F0FD3182D91FD001A5152 /* PDImageView.xib in Resources */ = {isa = PBXBuildFile; fileRef = 578F0FC8182D91FD001A5152 /* PDImageView.xib */; };
		578F0FD4182D91FD001A5152 /* PDInfoView.xib in Resources */ = {isa = PBXBuildFile; fileRef = 578F0FCA182D91FD001A5152 /* PDInfoView.xib */; };
		578F0FD5182D91FD001A5152 /* PDLibraryView.xib in Resources */ = {isa = PBXBuildFile; fileRef = 578F0FCC182D91FD001A5152 /* PDLibraryView.xib */; };
		578F0FD6182D91FD001A5152 /* PDWindow.xib in Resources */ = {isa = PBXBuildFile; fileRef = 578F0FCE182D91FD001A5152 /* PDWindow.xib */; };
		57B1FAF9184FCBDB00FEF7DB /* PXSourceList.m in Sources */ = {isa = PBXBuildFile; fileRef = 57B1FAF6184FCBDB00FEF7DB /* PXSourceList.m */; };
		57B1FAFC184FCCFB00FEF7DB /* PDLibraryGroup.m in Sources */ = {isa = PBXBuildFile; fileRef = 57B1FAFB184FCCFB00FEF7DB /* PDLibraryGroup.m */; };
		57B1FAFF184FDA4900FEF7DB /* PDLibraryQuery.m in Sources */ = {isa = PBXBuildFile; fileRef = 57B1FAFE184FDA4900FEF7DB /* PDLibraryQuery.m */; };
		57C18101182E9644002B8DB2 /* PDAppKitExtensions.m in Sources */ = {isa = PBXBuildFile; fileRef = 57C18100182E9644002B8DB2 /* PDAppKitExtensions.m */; };
		57C18109182F0ED3002B8DB2 /* PDImage.m in Sources */ = {isa = PBXBuildFile; fileRef = 57C18105182F0ED3002B8DB2 /* PDImage.m */; };
		57C1810A182F0ED3002B8DB2 /* PDLibraryItem.m in Sources */ = {isa = PBXBuildFile; fileRef = 57C18107182F0ED3002B8DB2 /* PDLibraryItem.m */; };
		57C1810D182FD616002B8DB2 /* PDLibraryDirectory.m in Sources */ = {isa = PBXBuildFile; fileRef = 57C1810C182FD616002B8DB2 /* PDLibraryDirectory.m */; };
		57C18110182FDCF9002B8DB2 /* PDColor.m in Sources */ = {isa = PBXBuildFile; fileRef = 57C1810F182FDCF9002B8DB2 /* PDColor.m */; };
		57C6BAB418343FA60098F967 /* PDImageLayer.m in Sources */ = {isa = PBXBuildFile; fileRef = 57C6BAB318343FA60098F967 /* PDImageLayer.m */; };
		57CC532F183D0771009D6E19 /* PDImageTextCell.m in Sources */ = {isa = PBXBuildFile; fileRef = 57CC532E183D0771009D6E19 /* PDImageTextCell.m */; };
		57CC5331183D1395009D6E19 /* defaults.plist in Resources */ = {isa = PBXBuildFile; fileRef = 57CC5330183D1395009D6E19 /* defaults.plist */; };
		57CE6A08182D7C2B000BF04E /* AppKit.framework in Frameworks */ = {isa = PBXBuildFile; fileRef = 577BDBEB182D792800116AF2 /* AppKit.framework */; };
		57CE6A09182D7C2B000BF04E /* Foundation.framework in Frameworks */ = {isa = PBXBuildFile; fileRef = 577BDBED182D792800116AF2 /* Foundation.framework */; };
		57CE6A0B182D7C40000BF04E /* ImageIO.framework in Frameworks */ = {isa = PBXBuildFile; fileRef = 57CE6A0A182D7C40000BF04E /* ImageIO.framework */; };
		57CE6A0D182D7C45000BF04E /* CoreGraphics.framework in Frameworks */ = {isa = PBXBuildFile; fileRef = 57CE6A0C182D7C45000BF04E /* CoreGraphics.framework */; };
		57CE6A0F182D7C4A000BF04E /* QuartzCore.framework in Frameworks */ = {isa = PBXBuildFile; fileRef = 57CE6A0E182D7C4A000BF04E /* QuartzCore.framework */; };
		57CE6A11182D7C61000BF04E /* Accelerate.framework in Frameworks */ = {isa = PBXBuildFile; fileRef = 57CE6A10182D7C61000BF04E /* Accelerate.framework */; };
		57CE6A24182D863E000BF04E /* PDAdjustmentsViewController.m in Sources */ = {isa = PBXBuildFile; fileRef = 57CE6A15182D863D000BF04E /* PDAdjustmentsViewController.m */; };
		57CE6A25182D863E000BF04E /* PDImageListViewController.m in Sources */ = {isa = PBXBuildFile; fileRef = 57CE6A17182D863D000BF04E /* PDImageListViewController.m */; };
		57CE6A26182D863E000BF04E /* PDImageViewController.m in Sources */ = {isa = PBXBuildFile; fileRef = 57CE6A19182D863E000BF04E /* PDImageViewController.m */; };
		57CE6A27182D863E000BF04E /* PDInfoViewController.m in Sources */ = {isa = PBXBuildFile; fileRef = 57CE6A1B182D863E000BF04E /* PDInfoViewController.m */; };
		57CE6A28182D863E000BF04E /* PDLibraryViewController.m in Sources */ = {isa = PBXBuildFile; fileRef = 57CE6A1D182D863E000BF04E /* PDLibraryViewController.m */; };
		57CE6A29182D863E000BF04E /* PDSplitView.m in Sources */ = {isa = PBXBuildFile; fileRef = 57CE6A1F182D863E000BF04E /* PDSplitView.m */; };
		57CE6A2A182D863E000BF04E /* PDViewController.m in Sources */ = {isa = PBXBuildFile; fileRef = 57CE6A21182D863E000BF04E /* PDViewController.m */; };
		57CE6A2B182D863E000BF04E /* PDWindowController.m in Sources */ = {isa = PBXBuildFile; fileRef = 57CE6A23182D863E000BF04E /* PDWindowController.m */; };
		57D096141846C646005B2AD4 /* PDImageProperty.m in Sources */ = {isa = PBXBuildFile; fileRef = 57D096131846C646005B2AD4 /* PDImageProperty.m */; };
		57DADC0B1831865C006D0BC1 /* libsqlite3.dylib in Frameworks */ = {isa = PBXBuildFile; fileRef = 57DADC0A1831865C006D0BC1 /* libsqlite3.dylib */; };
		57DADC0E1833C40F006D0BC1 /* PDImageGridView.m in Sources */ = {isa = PBXBuildFile; fileRef = 57DADC0D1833C40F006D0BC1 /* PDImageGridView.m */; };
		57E053B71830576A00123059 /* PDThumbnailLayer.m in Sources */ = {isa = PBXBuildFile; fileRef = 57E053B61830576A00123059 /* PDThumbnailLayer.m */; };
		57E4366F185BD0BB0043540F /* import-icon.png in Resources */ = {isa = PBXBuildFile; fileRef = 57E4366E185BD0BB0043540F /* import-icon.png */; };
		57F3690B185DF749005ADCE8 /* PDImageName.m in Sources */ = {isa = PBXBuildFile; fileRef = 57F3690A185DF749005ADCE8 /* PDImageName.m */; };
		57F3690E185DFA23005ADCE8 /* PDLibraryAlbum.m in Sources */ = {isa = PBXBuildFile; fileRef = 57F3690D185DFA23005ADCE8 /* PDLibraryAlbum.m */; };
/* End PBXBuildFile section */

/* Begin PBXFileReference section */
		5706FE7F1857AF0F00E57ECA /* PDImportViewController.h */ = {isa = PBXFileReference; fileEncoding = 4; lastKnownFileType = sourcecode.c.h; path = PDImportViewController.h; sourceTree = "<group>"; };
		5706FE801857AF0F00E57ECA /* PDImportViewController.m */ = {isa = PBXFileReference; fileEncoding = 4; lastKnownFileType = sourcecode.c.objc; path = PDImportViewController.m; sourceTree = "<group>"; };
		5706FE831857AF1B00E57ECA /* en */ = {isa = PBXFileReference; lastKnownFileType = file.xib; name = en; path = PDImportView.xib; sourceTree = "<group>"; };
		570701D718400506008D39D4 /* app-icon.icns */ = {isa = PBXFileReference; lastKnownFileType = image.icns; path = "app-icon.icns"; sourceTree = "<group>"; };
		57075C77185D2FC30097E15A /* PDLibraryView.h */ = {isa = PBXFileReference; fileEncoding = 4; lastKnownFileType = sourcecode.c.h; path = PDLibraryView.h; sourceTree = "<group>"; };
		57075C78185D2FC30097E15A /* PDLibraryView.m */ = {isa = PBXFileReference; fileEncoding = 4; lastKnownFileType = sourcecode.c.objc; path = PDLibraryView.m; sourceTree = "<group>"; };
		570A57281833D21C0052A246 /* PDImageView.h */ = {isa = PBXFileReference; fileEncoding = 4; lastKnownFileType = sourcecode.c.h; path = PDImageView.h; sourceTree = "<group>"; };
		570A57291833D21C0052A246 /* PDImageView.m */ = {isa = PBXFileReference; fileEncoding = 4; lastKnownFileType = sourcecode.c.objc; path = PDImageView.m; sourceTree = "<group>"; };
		5717B44918424A6000149627 /* PDMetadataItemView.h */ = {isa = PBXFileReference; fileEncoding = 4; lastKnownFileType = sourcecode.c.h; path = PDMetadataItemView.h; sourceTree = "<group>"; };
		5717B44A18424A6000149627 /* PDMetadataItemView.m */ = {isa = PBXFileReference; fileEncoding = 4; lastKnownFileType = sourcecode.c.objc; path = PDMetadataItemView.m; sourceTree = "<group>"; };
		5717B44B18424A6000149627 /* PDMetadataView.h */ = {isa = PBXFileReference; fileEncoding = 4; lastKnownFileType = sourcecode.c.h; path = PDMetadataView.h; sourceTree = "<group>"; };
		5717B44C18424A6000149627 /* PDMetadataView.m */ = {isa = PBXFileReference; fileEncoding = 4; lastKnownFileType = sourcecode.c.objc; path = PDMetadataView.m; sourceTree = "<group>"; };
		5727CDA1184A3EB3007BF7E8 /* PDPredicatePanelController.h */ = {isa = PBXFileReference; fileEncoding = 4; lastKnownFileType = sourcecode.c.h; path = PDPredicatePanelController.h; sourceTree = "<group>"; };
		5727CDA2184A3EB3007BF7E8 /* PDPredicatePanelController.m */ = {isa = PBXFileReference; fileEncoding = 4; lastKnownFileType = sourcecode.c.objc; path = PDPredicatePanelController.m; sourceTree = "<group>"; };
		5727CDA5184A3EC7007BF7E8 /* en */ = {isa = PBXFileReference; lastKnownFileType = file.xib; name = en; path = PDPredicatePanel.xib; sourceTree = "<group>"; };
		5744D74D1854CCDA0079F8CD /* PDLibraryDevice.h */ = {isa = PBXFileReference; fileEncoding = 4; lastKnownFileType = sourcecode.c.h; path = PDLibraryDevice.h; sourceTree = "<group>"; };
		5744D74E1854CCDA0079F8CD /* PDLibraryDevice.m */ = {isa = PBXFileReference; fileEncoding = 4; lastKnownFileType = sourcecode.c.objc; path = PDLibraryDevice.m; sourceTree = "<group>"; };
		574B786C185917BB0095FC87 /* PDFoundationExtensions.h */ = {isa = PBXFileReference; fileEncoding = 4; lastKnownFileType = sourcecode.c.h; path = PDFoundationExtensions.h; sourceTree = "<group>"; };
		574B786D185917BB0095FC87 /* PDFoundationExtensions.m */ = {isa = PBXFileReference; fileEncoding = 4; lastKnownFileType = sourcecode.c.objc; path = PDFoundationExtensions.m; sourceTree = "<group>"; };
		575167701852451800163CD8 /* PDImageLibrary.h */ = {isa = PBXFileReference; fileEncoding = 4; lastKnownFileType = sourcecode.c.h; path = PDImageLibrary.h; sourceTree = "<group>"; };
		575167711852451800163CD8 /* PDImageLibrary.m */ = {isa = PBXFileReference; fileEncoding = 4; lastKnownFileType = sourcecode.c.objc; path = PDImageLibrary.m; sourceTree = "<group>"; };
		5760022A1844FB7000B398D1 /* en */ = {isa = PBXFileReference; lastKnownFileType = text.plist.strings; name = en; path = "en.lproj/image-properties.strings"; sourceTree = "<group>"; };
		5767ADA6185E7E820019EF43 /* PDMacros.h */ = {isa = PBXFileReference; fileEncoding = 4; lastKnownFileType = sourcecode.c.h; path = PDMacros.h; sourceTree = "<group>"; };
		577BDBE5182D792800116AF2 /* Phod.app */ = {isa = PBXFileReference; explicitFileType = wrapper.application; includeInIndex = 0; path = Phod.app; sourceTree = BUILT_PRODUCTS_DIR; };
		577BDBEB182D792800116AF2 /* AppKit.framework */ = {isa = PBXFileReference; lastKnownFileType = wrapper.framework; name = AppKit.framework; path = System/Library/Frameworks/AppKit.framework; sourceTree = SDKROOT; };
		577BDBED182D792800116AF2 /* Foundation.framework */ = {isa = PBXFileReference; lastKnownFileType = wrapper.framework; name = Foundation.framework; path = System/Library/Frameworks/Foundation.framework; sourceTree = SDKROOT; };
		577BDBF0182D792800116AF2 /* Phod-Info.plist */ = {isa = PBXFileReference; lastKnownFileType = text.plist.xml; path = "Phod-Info.plist"; sourceTree = "<group>"; };
		577BDBF2182D792800116AF2 /* en */ = {isa = PBXFileReference; lastKnownFileType = text.plist.strings; name = en; path = en.lproj/InfoPlist.strings; sourceTree = "<group>"; };
		577BDBF4182D792800116AF2 /* main.m */ = {isa = PBXFileReference; lastKnownFileType = sourcecode.c.objc; path = main.m; sourceTree = "<group>"; };
		577BDBF6182D792800116AF2 /* Phod-Prefix.pch */ = {isa = PBXFileReference; lastKnownFileType = sourcecode.c.h; path = "Phod-Prefix.pch"; sourceTree = "<group>"; };
		577BDBFA182D792800116AF2 /* PDAppDelegate.h */ = {isa = PBXFileReference; lastKnownFileType = sourcecode.c.h; path = PDAppDelegate.h; sourceTree = "<group>"; };
		577BDBFB182D792800116AF2 /* PDAppDelegate.m */ = {isa = PBXFileReference; lastKnownFileType = sourcecode.c.objc; path = PDAppDelegate.m; sourceTree = "<group>"; };
		577BDC00182D792800116AF2 /* Images.xcassets */ = {isa = PBXFileReference; lastKnownFileType = folder.assetcatalog; path = Images.xcassets; sourceTree = "<group>"; };
		578F0FC3182D91FD001A5152 /* en */ = {isa = PBXFileReference; lastKnownFileType = file.xib; name = en; path = MainMenu.xib; sourceTree = "<group>"; };
		578F0FC5182D91FD001A5152 /* en */ = {isa = PBXFileReference; lastKnownFileType = file.xib; name = en; path = PDAdjustmentsView.xib; sourceTree = "<group>"; };
		578F0FC7182D91FD001A5152 /* en */ = {isa = PBXFileReference; lastKnownFileType = file.xib; name = en; path = PDImageListView.xib; sourceTree = "<group>"; };
		578F0FC9182D91FD001A5152 /* en */ = {isa = PBXFileReference; lastKnownFileType = file.xib; name = en; path = PDImageView.xib; sourceTree = "<group>"; };
		578F0FCB182D91FD001A5152 /* en */ = {isa = PBXFileReference; lastKnownFileType = file.xib; name = en; path = PDInfoView.xib; sourceTree = "<group>"; };
		578F0FCD182D91FD001A5152 /* en */ = {isa = PBXFileReference; lastKnownFileType = file.xib; name = en; path = PDLibraryView.xib; sourceTree = "<group>"; };
		578F0FCF182D91FD001A5152 /* en */ = {isa = PBXFileReference; lastKnownFileType = file.xib; name = en; path = PDWindow.xib; sourceTree = "<group>"; };
		57B1FAF5184FCBDB00FEF7DB /* PXSourceList.h */ = {isa = PBXFileReference; fileEncoding = 4; lastKnownFileType = sourcecode.c.h; path = PXSourceList.h; sourceTree = "<group>"; };
		57B1FAF6184FCBDB00FEF7DB /* PXSourceList.m */ = {isa = PBXFileReference; fileEncoding = 4; lastKnownFileType = sourcecode.c.objc; path = PXSourceList.m; sourceTree = "<group>"; };
		57B1FAF7184FCBDB00FEF7DB /* PXSourceListDataSource.h */ = {isa = PBXFileReference; fileEncoding = 4; lastKnownFileType = sourcecode.c.h; path = PXSourceListDataSource.h; sourceTree = "<group>"; };
		57B1FAF8184FCBDB00FEF7DB /* PXSourceListDelegate.h */ = {isa = PBXFileReference; fileEncoding = 4; lastKnownFileType = sourcecode.c.h; path = PXSourceListDelegate.h; sourceTree = "<group>"; };
		57B1FAFA184FCCFB00FEF7DB /* PDLibraryGroup.h */ = {isa = PBXFileReference; fileEncoding = 4; lastKnownFileType = sourcecode.c.h; path = PDLibraryGroup.h; sourceTree = "<group>"; };
		57B1FAFB184FCCFB00FEF7DB /* PDLibraryGroup.m */ = {isa = PBXFileReference; fileEncoding = 4; lastKnownFileType = sourcecode.c.objc; path = PDLibraryGroup.m; sourceTree = "<group>"; };
		57B1FAFD184FDA4900FEF7DB /* PDLibraryQuery.h */ = {isa = PBXFileReference; fileEncoding = 4; lastKnownFileType = sourcecode.c.h; path = PDLibraryQuery.h; sourceTree = "<group>"; };
		57B1FAFE184FDA4900FEF7DB /* PDLibraryQuery.m */ = {isa = PBXFileReference; fileEncoding = 4; lastKnownFileType = sourcecode.c.objc; path = PDLibraryQuery.m; sourceTree = "<group>"; };
		57C180FF182E9644002B8DB2 /* PDAppKitExtensions.h */ = {isa = PBXFileReference; fileEncoding = 4; lastKnownFileType = sourcecode.c.h; path = PDAppKitExtensions.h; sourceTree = "<group>"; };
		57C18100182E9644002B8DB2 /* PDAppKitExtensions.m */ = {isa = PBXFileReference; fileEncoding = 4; lastKnownFileType = sourcecode.c.objc; path = PDAppKitExtensions.m; sourceTree = "<group>"; };
		57C18104182F0ED3002B8DB2 /* PDImage.h */ = {isa = PBXFileReference; fileEncoding = 4; lastKnownFileType = sourcecode.c.h; path = PDImage.h; sourceTree = "<group>"; };
		57C18105182F0ED3002B8DB2 /* PDImage.m */ = {isa = PBXFileReference; fileEncoding = 4; lastKnownFileType = sourcecode.c.objc; path = PDImage.m; sourceTree = "<group>"; };
		57C18106182F0ED3002B8DB2 /* PDLibraryItem.h */ = {isa = PBXFileReference; fileEncoding = 4; lastKnownFileType = sourcecode.c.h; path = PDLibraryItem.h; sourceTree = "<group>"; };
		57C18107182F0ED3002B8DB2 /* PDLibraryItem.m */ = {isa = PBXFileReference; fileEncoding = 4; lastKnownFileType = sourcecode.c.objc; path = PDLibraryItem.m; sourceTree = "<group>"; };
		57C1810B182FD616002B8DB2 /* PDLibraryDirectory.h */ = {isa = PBXFileReference; fileEncoding = 4; lastKnownFileType = sourcecode.c.h; path = PDLibraryDirectory.h; sourceTree = "<group>"; };
		57C1810C182FD616002B8DB2 /* PDLibraryDirectory.m */ = {isa = PBXFileReference; fileEncoding = 4; lastKnownFileType = sourcecode.c.objc; path = PDLibraryDirectory.m; sourceTree = "<group>"; };
		57C1810E182FDCF9002B8DB2 /* PDColor.h */ = {isa = PBXFileReference; fileEncoding = 4; lastKnownFileType = sourcecode.c.h; path = PDColor.h; sourceTree = "<group>"; };
		57C1810F182FDCF9002B8DB2 /* PDColor.m */ = {isa = PBXFileReference; fileEncoding = 4; lastKnownFileType = sourcecode.c.objc; path = PDColor.m; sourceTree = "<group>"; };
		57C6BAB218343FA60098F967 /* PDImageLayer.h */ = {isa = PBXFileReference; fileEncoding = 4; lastKnownFileType = sourcecode.c.h; path = PDImageLayer.h; sourceTree = "<group>"; };
		57C6BAB318343FA60098F967 /* PDImageLayer.m */ = {isa = PBXFileReference; fileEncoding = 4; lastKnownFileType = sourcecode.c.objc; path = PDImageLayer.m; sourceTree = "<group>"; };
		57CC532D183D0771009D6E19 /* PDImageTextCell.h */ = {isa = PBXFileReference; fileEncoding = 4; lastKnownFileType = sourcecode.c.h; path = PDImageTextCell.h; sourceTree = "<group>"; };
		57CC532E183D0771009D6E19 /* PDImageTextCell.m */ = {isa = PBXFileReference; fileEncoding = 4; lastKnownFileType = sourcecode.c.objc; path = PDImageTextCell.m; sourceTree = "<group>"; };
		57CC5330183D1395009D6E19 /* defaults.plist */ = {isa = PBXFileReference; fileEncoding = 4; lastKnownFileType = text.plist.xml; path = defaults.plist; sourceTree = "<group>"; };
		57CE6A0A182D7C40000BF04E /* ImageIO.framework */ = {isa = PBXFileReference; lastKnownFileType = wrapper.framework; name = ImageIO.framework; path = System/Library/Frameworks/ImageIO.framework; sourceTree = SDKROOT; };
		57CE6A0C182D7C45000BF04E /* CoreGraphics.framework */ = {isa = PBXFileReference; lastKnownFileType = wrapper.framework; name = CoreGraphics.framework; path = System/Library/Frameworks/CoreGraphics.framework; sourceTree = SDKROOT; };
		57CE6A0E182D7C4A000BF04E /* QuartzCore.framework */ = {isa = PBXFileReference; lastKnownFileType = wrapper.framework; name = QuartzCore.framework; path = System/Library/Frameworks/QuartzCore.framework; sourceTree = SDKROOT; };
		57CE6A10182D7C61000BF04E /* Accelerate.framework */ = {isa = PBXFileReference; lastKnownFileType = wrapper.framework; name = Accelerate.framework; path = System/Library/Frameworks/Accelerate.framework; sourceTree = SDKROOT; };
		57CE6A14182D863D000BF04E /* PDAdjustmentsViewController.h */ = {isa = PBXFileReference; fileEncoding = 4; lastKnownFileType = sourcecode.c.h; path = PDAdjustmentsViewController.h; sourceTree = "<group>"; };
		57CE6A15182D863D000BF04E /* PDAdjustmentsViewController.m */ = {isa = PBXFileReference; fileEncoding = 4; lastKnownFileType = sourcecode.c.objc; path = PDAdjustmentsViewController.m; sourceTree = "<group>"; };
		57CE6A16182D863D000BF04E /* PDImageListViewController.h */ = {isa = PBXFileReference; fileEncoding = 4; lastKnownFileType = sourcecode.c.h; path = PDImageListViewController.h; sourceTree = "<group>"; };
		57CE6A17182D863D000BF04E /* PDImageListViewController.m */ = {isa = PBXFileReference; fileEncoding = 4; lastKnownFileType = sourcecode.c.objc; path = PDImageListViewController.m; sourceTree = "<group>"; };
		57CE6A18182D863D000BF04E /* PDImageViewController.h */ = {isa = PBXFileReference; fileEncoding = 4; lastKnownFileType = sourcecode.c.h; path = PDImageViewController.h; sourceTree = "<group>"; };
		57CE6A19182D863E000BF04E /* PDImageViewController.m */ = {isa = PBXFileReference; fileEncoding = 4; lastKnownFileType = sourcecode.c.objc; path = PDImageViewController.m; sourceTree = "<group>"; };
		57CE6A1A182D863E000BF04E /* PDInfoViewController.h */ = {isa = PBXFileReference; fileEncoding = 4; lastKnownFileType = sourcecode.c.h; path = PDInfoViewController.h; sourceTree = "<group>"; };
		57CE6A1B182D863E000BF04E /* PDInfoViewController.m */ = {isa = PBXFileReference; fileEncoding = 4; lastKnownFileType = sourcecode.c.objc; path = PDInfoViewController.m; sourceTree = "<group>"; };
		57CE6A1C182D863E000BF04E /* PDLibraryViewController.h */ = {isa = PBXFileReference; fileEncoding = 4; lastKnownFileType = sourcecode.c.h; path = PDLibraryViewController.h; sourceTree = "<group>"; };
		57CE6A1D182D863E000BF04E /* PDLibraryViewController.m */ = {isa = PBXFileReference; fileEncoding = 4; lastKnownFileType = sourcecode.c.objc; path = PDLibraryViewController.m; sourceTree = "<group>"; };
		57CE6A1E182D863E000BF04E /* PDSplitView.h */ = {isa = PBXFileReference; fileEncoding = 4; lastKnownFileType = sourcecode.c.h; path = PDSplitView.h; sourceTree = "<group>"; };
		57CE6A1F182D863E000BF04E /* PDSplitView.m */ = {isa = PBXFileReference; fileEncoding = 4; lastKnownFileType = sourcecode.c.objc; path = PDSplitView.m; sourceTree = "<group>"; };
		57CE6A20182D863E000BF04E /* PDViewController.h */ = {isa = PBXFileReference; fileEncoding = 4; lastKnownFileType = sourcecode.c.h; path = PDViewController.h; sourceTree = "<group>"; };
		57CE6A21182D863E000BF04E /* PDViewController.m */ = {isa = PBXFileReference; fileEncoding = 4; lastKnownFileType = sourcecode.c.objc; path = PDViewController.m; sourceTree = "<group>"; };
		57CE6A22182D863E000BF04E /* PDWindowController.h */ = {isa = PBXFileReference; fileEncoding = 4; lastKnownFileType = sourcecode.c.h; path = PDWindowController.h; sourceTree = "<group>"; };
		57CE6A23182D863E000BF04E /* PDWindowController.m */ = {isa = PBXFileReference; fileEncoding = 4; lastKnownFileType = sourcecode.c.objc; path = PDWindowController.m; sourceTree = "<group>"; };
		57D096121846C646005B2AD4 /* PDImageProperty.h */ = {isa = PBXFileReference; fileEncoding = 4; lastKnownFileType = sourcecode.c.h; path = PDImageProperty.h; sourceTree = "<group>"; };
		57D096131846C646005B2AD4 /* PDImageProperty.m */ = {isa = PBXFileReference; fileEncoding = 4; lastKnownFileType = sourcecode.c.objc; path = PDImageProperty.m; sourceTree = "<group>"; };
		57DADC0A1831865C006D0BC1 /* libsqlite3.dylib */ = {isa = PBXFileReference; lastKnownFileType = "compiled.mach-o.dylib"; name = libsqlite3.dylib; path = usr/lib/libsqlite3.dylib; sourceTree = SDKROOT; };
		57DADC0C1833C40F006D0BC1 /* PDImageGridView.h */ = {isa = PBXFileReference; fileEncoding = 4; lastKnownFileType = sourcecode.c.h; path = PDImageGridView.h; sourceTree = "<group>"; };
		57DADC0D1833C40F006D0BC1 /* PDImageGridView.m */ = {isa = PBXFileReference; fileEncoding = 4; lastKnownFileType = sourcecode.c.objc; path = PDImageGridView.m; sourceTree = "<group>"; };
		57E053B51830576A00123059 /* PDThumbnailLayer.h */ = {isa = PBXFileReference; fileEncoding = 4; lastKnownFileType = sourcecode.c.h; path = PDThumbnailLayer.h; sourceTree = "<group>"; };
		57E053B61830576A00123059 /* PDThumbnailLayer.m */ = {isa = PBXFileReference; fileEncoding = 4; lastKnownFileType = sourcecode.c.objc; path = PDThumbnailLayer.m; sourceTree = "<group>"; };
		57E4366E185BD0BB0043540F /* import-icon.png */ = {isa = PBXFileReference; lastKnownFileType = image.png; path = "import-icon.png"; sourceTree = "<group>"; };
		57F36909185DF749005ADCE8 /* PDImageName.h */ = {isa = PBXFileReference; fileEncoding = 4; lastKnownFileType = sourcecode.c.h; path = PDImageName.h; sourceTree = "<group>"; };
		57F3690A185DF749005ADCE8 /* PDImageName.m */ = {isa = PBXFileReference; fileEncoding = 4; lastKnownFileType = sourcecode.c.objc; path = PDImageName.m; sourceTree = "<group>"; };
		57F3690C185DFA23005ADCE8 /* PDLibraryAlbum.h */ = {isa = PBXFileReference; fileEncoding = 4; lastKnownFileType = sourcecode.c.h; path = PDLibraryAlbum.h; sourceTree = "<group>"; };
		57F3690D185DFA23005ADCE8 /* PDLibraryAlbum.m */ = {isa = PBXFileReference; fileEncoding = 4; lastKnownFileType = sourcecode.c.objc; path = PDLibraryAlbum.m; sourceTree = "<group>"; };
/* End PBXFileReference section */

/* Begin PBXFrameworksBuildPhase section */
		577BDBE2182D792800116AF2 /* Frameworks */ = {
			isa = PBXFrameworksBuildPhase;
			buildActionMask = 2147483647;
			files = (
				57CE6A11182D7C61000BF04E /* Accelerate.framework in Frameworks */,
				57CE6A0D182D7C45000BF04E /* CoreGraphics.framework in Frameworks */,
				57CE6A0B182D7C40000BF04E /* ImageIO.framework in Frameworks */,
				57CE6A09182D7C2B000BF04E /* Foundation.framework in Frameworks */,
				57CE6A0F182D7C4A000BF04E /* QuartzCore.framework in Frameworks */,
				57CE6A08182D7C2B000BF04E /* AppKit.framework in Frameworks */,
				57DADC0B1831865C006D0BC1 /* libsqlite3.dylib in Frameworks */,
			);
			runOnlyForDeploymentPostprocessing = 0;
		};
/* End PBXFrameworksBuildPhase section */

/* Begin PBXGroup section */
		57626D7A183E4D110080A34E /* Imaging */ = {
			isa = PBXGroup;
			children = (
				575167701852451800163CD8 /* PDImageLibrary.h */,
				575167711852451800163CD8 /* PDImageLibrary.m */,
				57C18104182F0ED3002B8DB2 /* PDImage.h */,
				57C18105182F0ED3002B8DB2 /* PDImage.m */,
				57F36909185DF749005ADCE8 /* PDImageName.h */,
				57F3690A185DF749005ADCE8 /* PDImageName.m */,
				57D096121846C646005B2AD4 /* PDImageProperty.h */,
				57D096131846C646005B2AD4 /* PDImageProperty.m */,
			);
			name = Imaging;
			sourceTree = "<group>";
		};
		577BDBDC182D792800116AF2 = {
			isa = PBXGroup;
			children = (
				577BDBEE182D792800116AF2 /* Source */,
				578F0FC1182D91A0001A5152 /* Nibs */,
				57CE6A13182D7D08000BF04E /* Resources */,
				577BDBE7182D792800116AF2 /* Frameworks */,
				577BDBE6182D792800116AF2 /* Products */,
			);
			sourceTree = "<group>";
		};
		577BDBE6182D792800116AF2 /* Products */ = {
			isa = PBXGroup;
			children = (
				577BDBE5182D792800116AF2 /* Phod.app */,
			);
			name = Products;
			sourceTree = "<group>";
		};
		577BDBE7182D792800116AF2 /* Frameworks */ = {
			isa = PBXGroup;
			children = (
				57DADC0A1831865C006D0BC1 /* libsqlite3.dylib */,
				57CE6A10182D7C61000BF04E /* Accelerate.framework */,
				57CE6A0E182D7C4A000BF04E /* QuartzCore.framework */,
				57CE6A0C182D7C45000BF04E /* CoreGraphics.framework */,
				57CE6A0A182D7C40000BF04E /* ImageIO.framework */,
				577BDBEB182D792800116AF2 /* AppKit.framework */,
				577BDBED182D792800116AF2 /* Foundation.framework */,
			);
			name = Frameworks;
			sourceTree = "<group>";
		};
		577BDBEE182D792800116AF2 /* Source */ = {
			isa = PBXGroup;
			children = (
				57C18111182FDD0F002B8DB2 /* Controllers */,
				57C18112182FDD33002B8DB2 /* Library */,
				57626D7A183E4D110080A34E /* Imaging */,
				57C18113182FDD46002B8DB2 /* Controls */,
				57B1FAF4184FCBC000FEF7DB /* PXSourceList */,
				57C18114182FDD57002B8DB2 /* Misc */,
			);
			name = Source;
			path = src;
			sourceTree = SOURCE_ROOT;
		};
		578F0FC1182D91A0001A5152 /* Nibs */ = {
			isa = PBXGroup;
			children = (
				578F0FC2182D91FD001A5152 /* MainMenu.xib */,
				578F0FC4182D91FD001A5152 /* PDAdjustmentsView.xib */,
				578F0FC6182D91FD001A5152 /* PDImageListView.xib */,
				578F0FC8182D91FD001A5152 /* PDImageView.xib */,
				5706FE821857AF1B00E57ECA /* PDImportView.xib */,
				578F0FCA182D91FD001A5152 /* PDInfoView.xib */,
				578F0FCC182D91FD001A5152 /* PDLibraryView.xib */,
				5727CDA4184A3EC7007BF7E8 /* PDPredicatePanel.xib */,
				578F0FCE182D91FD001A5152 /* PDWindow.xib */,
			);
			name = Nibs;
			path = resources/en.lproj;
			sourceTree = SOURCE_ROOT;
		};
		57B1FAF4184FCBC000FEF7DB /* PXSourceList */ = {
			isa = PBXGroup;
			children = (
				57B1FAF5184FCBDB00FEF7DB /* PXSourceList.h */,
				57B1FAF6184FCBDB00FEF7DB /* PXSourceList.m */,
				57B1FAF7184FCBDB00FEF7DB /* PXSourceListDataSource.h */,
				57B1FAF8184FCBDB00FEF7DB /* PXSourceListDelegate.h */,
			);
			path = PXSourceList;
			sourceTree = "<group>";
		};
		57C18111182FDD0F002B8DB2 /* Controllers */ = {
			isa = PBXGroup;
			children = (
				577BDBFA182D792800116AF2 /* PDAppDelegate.h */,
				577BDBFB182D792800116AF2 /* PDAppDelegate.m */,
				57CE6A22182D863E000BF04E /* PDWindowController.h */,
				57CE6A23182D863E000BF04E /* PDWindowController.m */,
				57CE6A20182D863E000BF04E /* PDViewController.h */,
				57CE6A21182D863E000BF04E /* PDViewController.m */,
				57CE6A14182D863D000BF04E /* PDAdjustmentsViewController.h */,
				57CE6A15182D863D000BF04E /* PDAdjustmentsViewController.m */,
				57CE6A16182D863D000BF04E /* PDImageListViewController.h */,
				57CE6A17182D863D000BF04E /* PDImageListViewController.m */,
				57CE6A18182D863D000BF04E /* PDImageViewController.h */,
				57CE6A19182D863E000BF04E /* PDImageViewController.m */,
				5706FE7F1857AF0F00E57ECA /* PDImportViewController.h */,
				5706FE801857AF0F00E57ECA /* PDImportViewController.m */,
				57CE6A1A182D863E000BF04E /* PDInfoViewController.h */,
				57CE6A1B182D863E000BF04E /* PDInfoViewController.m */,
				57CE6A1C182D863E000BF04E /* PDLibraryViewController.h */,
				57CE6A1D182D863E000BF04E /* PDLibraryViewController.m */,
				5727CDA1184A3EB3007BF7E8 /* PDPredicatePanelController.h */,
				5727CDA2184A3EB3007BF7E8 /* PDPredicatePanelController.m */,
			);
			name = Controllers;
			sourceTree = "<group>";
		};
		57C18112182FDD33002B8DB2 /* Library */ = {
			isa = PBXGroup;
			children = (
				57C18106182F0ED3002B8DB2 /* PDLibraryItem.h */,
				57C18107182F0ED3002B8DB2 /* PDLibraryItem.m */,
				57F3690C185DFA23005ADCE8 /* PDLibraryAlbum.h */,
				57F3690D185DFA23005ADCE8 /* PDLibraryAlbum.m */,
				5744D74D1854CCDA0079F8CD /* PDLibraryDevice.h */,
				5744D74E1854CCDA0079F8CD /* PDLibraryDevice.m */,
				57C1810B182FD616002B8DB2 /* PDLibraryDirectory.h */,
				57C1810C182FD616002B8DB2 /* PDLibraryDirectory.m */,
				57B1FAFA184FCCFB00FEF7DB /* PDLibraryGroup.h */,
				57B1FAFB184FCCFB00FEF7DB /* PDLibraryGroup.m */,
				57B1FAFD184FDA4900FEF7DB /* PDLibraryQuery.h */,
				57B1FAFE184FDA4900FEF7DB /* PDLibraryQuery.m */,
			);
			name = Library;
			sourceTree = "<group>";
		};
		57C18113182FDD46002B8DB2 /* Controls */ = {
			isa = PBXGroup;
			children = (
				57075C77185D2FC30097E15A /* PDLibraryView.h */,
				57075C78185D2FC30097E15A /* PDLibraryView.m */,
				570A57281833D21C0052A246 /* PDImageView.h */,
				570A57291833D21C0052A246 /* PDImageView.m */,
				57C6BAB218343FA60098F967 /* PDImageLayer.h */,
				57C6BAB318343FA60098F967 /* PDImageLayer.m */,
				57DADC0C1833C40F006D0BC1 /* PDImageGridView.h */,
				57DADC0D1833C40F006D0BC1 /* PDImageGridView.m */,
				57E053B51830576A00123059 /* PDThumbnailLayer.h */,
				57E053B61830576A00123059 /* PDThumbnailLayer.m */,
				5717B44B18424A6000149627 /* PDMetadataView.h */,
				5717B44C18424A6000149627 /* PDMetadataView.m */,
				5717B44918424A6000149627 /* PDMetadataItemView.h */,
				5717B44A18424A6000149627 /* PDMetadataItemView.m */,
				57C1810E182FDCF9002B8DB2 /* PDColor.h */,
				57C1810F182FDCF9002B8DB2 /* PDColor.m */,
				57CE6A1E182D863E000BF04E /* PDSplitView.h */,
				57CE6A1F182D863E000BF04E /* PDSplitView.m */,
				57CC532D183D0771009D6E19 /* PDImageTextCell.h */,
				57CC532E183D0771009D6E19 /* PDImageTextCell.m */,
			);
			name = Controls;
			sourceTree = "<group>";
		};
		57C18114182FDD57002B8DB2 /* Misc */ = {
			isa = PBXGroup;
			children = (
				5767ADA6185E7E820019EF43 /* PDMacros.h */,
				57C180FF182E9644002B8DB2 /* PDAppKitExtensions.h */,
				57C18100182E9644002B8DB2 /* PDAppKitExtensions.m */,
				574B786C185917BB0095FC87 /* PDFoundationExtensions.h */,
				574B786D185917BB0095FC87 /* PDFoundationExtensions.m */,
				577BDBF6182D792800116AF2 /* Phod-Prefix.pch */,
				577BDBF4182D792800116AF2 /* main.m */,
			);
			name = Misc;
			sourceTree = "<group>";
		};
		57CE6A13182D7D08000BF04E /* Resources */ = {
			isa = PBXGroup;
			children = (
				576002291844FB7000B398D1 /* image-properties.strings */,
				570701D718400506008D39D4 /* app-icon.icns */,
				57E4366E185BD0BB0043540F /* import-icon.png */,
				57CC5330183D1395009D6E19 /* defaults.plist */,
				577BDBF0182D792800116AF2 /* Phod-Info.plist */,
				577BDBF1182D792800116AF2 /* InfoPlist.strings */,
				577BDC00182D792800116AF2 /* Images.xcassets */,
			);
			name = Resources;
			path = resources;
			sourceTree = SOURCE_ROOT;
		};
/* End PBXGroup section */

/* Begin PBXNativeTarget section */
		577BDBE4182D792800116AF2 /* Phod */ = {
			isa = PBXNativeTarget;
			buildConfigurationList = 577BDC16182D792800116AF2 /* Build configuration list for PBXNativeTarget "Phod" */;
			buildPhases = (
				577BDBE1182D792800116AF2 /* Sources */,
				577BDBE2182D792800116AF2 /* Frameworks */,
				577BDBE3182D792800116AF2 /* Resources */,
			);
			buildRules = (
			);
			dependencies = (
			);
			name = Phod;
			productName = Phod;
			productReference = 577BDBE5182D792800116AF2 /* Phod.app */;
			productType = "com.apple.product-type.application";
		};
/* End PBXNativeTarget section */

/* Begin PBXProject section */
		577BDBDD182D792800116AF2 /* Project object */ = {
			isa = PBXProject;
			attributes = {
				CLASSPREFIX = PD;
				LastUpgradeCheck = 0500;
				ORGANIZATIONNAME = Unfactored;
			};
			buildConfigurationList = 577BDBE0182D792800116AF2 /* Build configuration list for PBXProject "Phod" */;
			compatibilityVersion = "Xcode 3.2";
			developmentRegion = English;
			hasScannedForEncodings = 0;
			knownRegions = (
				en,
				Base,
			);
			mainGroup = 577BDBDC182D792800116AF2;
			productRefGroup = 577BDBE6182D792800116AF2 /* Products */;
			projectDirPath = "";
			projectRoot = "";
			targets = (
				577BDBE4182D792800116AF2 /* Phod */,
			);
		};
/* End PBXProject section */

/* Begin PBXResourcesBuildPhase section */
		577BDBE3182D792800116AF2 /* Resources */ = {
			isa = PBXResourcesBuildPhase;
			buildActionMask = 2147483647;
			files = (
				578F0FD6182D91FD001A5152 /* PDWindow.xib in Resources */,
				5727CDA6184A3EC7007BF7E8 /* PDPredicatePanel.xib in Resources */,
				577BDBF3182D792800116AF2 /* InfoPlist.strings in Resources */,
				57CC5331183D1395009D6E19 /* defaults.plist in Resources */,
				577BDC01182D792800116AF2 /* Images.xcassets in Resources */,
				570701D818400506008D39D4 /* app-icon.icns in Resources */,
				578F0FD3182D91FD001A5152 /* PDImageView.xib in Resources */,
				57E4366F185BD0BB0043540F /* import-icon.png in Resources */,
				578F0FD0182D91FD001A5152 /* MainMenu.xib in Resources */,
				578F0FD1182D91FD001A5152 /* PDAdjustmentsView.xib in Resources */,
				5706FE841857AF1B00E57ECA /* PDImportView.xib in Resources */,
				578F0FD2182D91FD001A5152 /* PDImageListView.xib in Resources */,
				5760022B1844FB7000B398D1 /* image-properties.strings in Resources */,
				578F0FD5182D91FD001A5152 /* PDLibraryView.xib in Resources */,
				578F0FD4182D91FD001A5152 /* PDInfoView.xib in Resources */,
			);
			runOnlyForDeploymentPostprocessing = 0;
		};
/* End PBXResourcesBuildPhase section */

/* Begin PBXSourcesBuildPhase section */
		577BDBE1182D792800116AF2 /* Sources */ = {
			isa = PBXSourcesBuildPhase;
			buildActionMask = 2147483647;
			files = (
				57CE6A27182D863E000BF04E /* PDInfoViewController.m in Sources */,
				57F3690E185DFA23005ADCE8 /* PDLibraryAlbum.m in Sources */,
				57CC532F183D0771009D6E19 /* PDImageTextCell.m in Sources */,
				57CE6A26182D863E000BF04E /* PDImageViewController.m in Sources */,
				57DADC0E1833C40F006D0BC1 /* PDImageGridView.m in Sources */,
				57E053B71830576A00123059 /* PDThumbnailLayer.m in Sources */,
				5717B44D18424A6000149627 /* PDMetadataItemView.m in Sources */,
				570A572A1833D21C0052A246 /* PDImageView.m in Sources */,
				57C6BAB418343FA60098F967 /* PDImageLayer.m in Sources */,
				57B1FAFC184FCCFB00FEF7DB /* PDLibraryGroup.m in Sources */,
				57CE6A25182D863E000BF04E /* PDImageListViewController.m in Sources */,
				57C18109182F0ED3002B8DB2 /* PDImage.m in Sources */,
				5717B44E18424A6000149627 /* PDMetadataView.m in Sources */,
				57F3690B185DF749005ADCE8 /* PDImageName.m in Sources */,
				57C18110182FDCF9002B8DB2 /* PDColor.m in Sources */,
				57CE6A29182D863E000BF04E /* PDSplitView.m in Sources */,
				57075C79185D2FC30097E15A /* PDLibraryView.m in Sources */,
				5727CDA3184A3EB3007BF7E8 /* PDPredicatePanelController.m in Sources */,
				574B786E185917BC0095FC87 /* PDFoundationExtensions.m in Sources */,
				57B1FAF9184FCBDB00FEF7DB /* PXSourceList.m in Sources */,
				57C1810A182F0ED3002B8DB2 /* PDLibraryItem.m in Sources */,
				57C18101182E9644002B8DB2 /* PDAppKitExtensions.m in Sources */,
				57D096141846C646005B2AD4 /* PDImageProperty.m in Sources */,
				57CE6A2A182D863E000BF04E /* PDViewController.m in Sources */,
				57CE6A28182D863E000BF04E /* PDLibraryViewController.m in Sources */,
				57C1810D182FD616002B8DB2 /* PDLibraryDirectory.m in Sources */,
				57CE6A24182D863E000BF04E /* PDAdjustmentsViewController.m in Sources */,
				5706FE811857AF0F00E57ECA /* PDImportViewController.m in Sources */,
				57B1FAFF184FDA4900FEF7DB /* PDLibraryQuery.m in Sources */,
				577BDBFC182D792800116AF2 /* PDAppDelegate.m in Sources */,
				575167721852451800163CD8 /* PDImageLibrary.m in Sources */,
				5744D74F1854CCDA0079F8CD /* PDLibraryDevice.m in Sources */,
				577BDBF5182D792800116AF2 /* main.m in Sources */,
				57CE6A2B182D863E000BF04E /* PDWindowController.m in Sources */,
			);
			runOnlyForDeploymentPostprocessing = 0;
		};
/* End PBXSourcesBuildPhase section */

/* Begin PBXVariantGroup section */
		5706FE821857AF1B00E57ECA /* PDImportView.xib */ = {
			isa = PBXVariantGroup;
			children = (
				5706FE831857AF1B00E57ECA /* en */,
			);
			name = PDImportView.xib;
			sourceTree = "<group>";
		};
		5727CDA4184A3EC7007BF7E8 /* PDPredicatePanel.xib */ = {
			isa = PBXVariantGroup;
			children = (
				5727CDA5184A3EC7007BF7E8 /* en */,
			);
			name = PDPredicatePanel.xib;
			sourceTree = "<group>";
		};
		576002291844FB7000B398D1 /* image-properties.strings */ = {
			isa = PBXVariantGroup;
			children = (
				5760022A1844FB7000B398D1 /* en */,
			);
			name = "image-properties.strings";
			sourceTree = "<group>";
		};
		577BDBF1182D792800116AF2 /* InfoPlist.strings */ = {
			isa = PBXVariantGroup;
			children = (
				577BDBF2182D792800116AF2 /* en */,
			);
			name = InfoPlist.strings;
			sourceTree = "<group>";
		};
		578F0FC2182D91FD001A5152 /* MainMenu.xib */ = {
			isa = PBXVariantGroup;
			children = (
				578F0FC3182D91FD001A5152 /* en */,
			);
			name = MainMenu.xib;
			sourceTree = "<group>";
		};
		578F0FC4182D91FD001A5152 /* PDAdjustmentsView.xib */ = {
			isa = PBXVariantGroup;
			children = (
				578F0FC5182D91FD001A5152 /* en */,
			);
			name = PDAdjustmentsView.xib;
			sourceTree = "<group>";
		};
		578F0FC6182D91FD001A5152 /* PDImageListView.xib */ = {
			isa = PBXVariantGroup;
			children = (
				578F0FC7182D91FD001A5152 /* en */,
			);
			name = PDImageListView.xib;
			sourceTree = "<group>";
		};
		578F0FC8182D91FD001A5152 /* PDImageView.xib */ = {
			isa = PBXVariantGroup;
			children = (
				578F0FC9182D91FD001A5152 /* en */,
			);
			name = PDImageView.xib;
			sourceTree = "<group>";
		};
		578F0FCA182D91FD001A5152 /* PDInfoView.xib */ = {
			isa = PBXVariantGroup;
			children = (
				578F0FCB182D91FD001A5152 /* en */,
			);
			name = PDInfoView.xib;
			sourceTree = "<group>";
		};
		578F0FCC182D91FD001A5152 /* PDLibraryView.xib */ = {
			isa = PBXVariantGroup;
			children = (
				578F0FCD182D91FD001A5152 /* en */,
			);
			name = PDLibraryView.xib;
			sourceTree = "<group>";
		};
		578F0FCE182D91FD001A5152 /* PDWindow.xib */ = {
			isa = PBXVariantGroup;
			children = (
				578F0FCF182D91FD001A5152 /* en */,
			);
			name = PDWindow.xib;
			sourceTree = "<group>";
		};
/* End PBXVariantGroup section */

/* Begin XCBuildConfiguration section */
		577BDC14182D792800116AF2 /* Debug */ = {
			isa = XCBuildConfiguration;
			buildSettings = {
				ALWAYS_SEARCH_USER_PATHS = NO;
				CLANG_CXX_LANGUAGE_STANDARD = "c++0x";
				CLANG_CXX_LIBRARY = "libc++";
				CLANG_WARN_OBJC_IMPLICIT_ATOMIC_PROPERTIES = YES;
				CLANG_WARN_OBJC_MISSING_PROPERTY_SYNTHESIS = YES;
				COPY_PHASE_STRIP = NO;
				GCC_ENABLE_CPP_EXCEPTIONS = NO;
				GCC_ENABLE_CPP_RTTI = NO;
				GCC_OPTIMIZATION_LEVEL = 0;
				GCC_PREPROCESSOR_DEFINITIONS = (
					"DEBUG=1",
					"$(inherited)",
				);
				GCC_TREAT_WARNINGS_AS_ERRORS = YES;
				ONLY_ACTIVE_ARCH = YES;
				SDKROOT = macosx;
				WARNING_CFLAGS = "-Wall";
			};
			name = Debug;
		};
		577BDC15182D792800116AF2 /* Release */ = {
			isa = XCBuildConfiguration;
			buildSettings = {
				ALWAYS_SEARCH_USER_PATHS = NO;
				CLANG_CXX_LANGUAGE_STANDARD = "c++0x";
				CLANG_CXX_LIBRARY = "libc++";
				CLANG_WARN_OBJC_IMPLICIT_ATOMIC_PROPERTIES = YES;
				CLANG_WARN_OBJC_MISSING_PROPERTY_SYNTHESIS = YES;
				COPY_PHASE_STRIP = YES;
				DEBUG_INFORMATION_FORMAT = "dwarf-with-dsym";
				ENABLE_NS_ASSERTIONS = NO;
				GCC_ENABLE_CPP_EXCEPTIONS = NO;
				GCC_ENABLE_CPP_RTTI = NO;
				SDKROOT = macosx;
				WARNING_CFLAGS = "-Wall";
			};
			name = Release;
		};
		577BDC17182D792800116AF2 /* Debug */ = {
			isa = XCBuildConfiguration;
			buildSettings = {
				COMBINE_HIDPI_IMAGES = YES;
				GCC_PRECOMPILE_PREFIX_HEADER = YES;
				GCC_PREFIX_HEADER = "src/Phod-Prefix.pch";
				INFOPLIST_FILE = "resources/Phod-Info.plist";
				PRODUCT_NAME = "$(TARGET_NAME)";
				WRAPPER_EXTENSION = app;
			};
			name = Debug;
		};
		577BDC18182D792800116AF2 /* Release */ = {
			isa = XCBuildConfiguration;
			buildSettings = {
				COMBINE_HIDPI_IMAGES = YES;
				GCC_PRECOMPILE_PREFIX_HEADER = YES;
				GCC_PREFIX_HEADER = "src/Phod-Prefix.pch";
				INFOPLIST_FILE = "resources/Phod-Info.plist";
				PRODUCT_NAME = "$(TARGET_NAME)";
				WRAPPER_EXTENSION = app;
			};
			name = Release;
		};
/* End XCBuildConfiguration section */

/* Begin XCConfigurationList section */
		577BDBE0182D792800116AF2 /* Build configuration list for PBXProject "Phod" */ = {
			isa = XCConfigurationList;
			buildConfigurations = (
				577BDC14182D792800116AF2 /* Debug */,
				577BDC15182D792800116AF2 /* Release */,
			);
			defaultConfigurationIsVisible = 0;
			defaultConfigurationName = Release;
		};
		577BDC16182D792800116AF2 /* Build configuration list for PBXNativeTarget "Phod" */ = {
			isa = XCConfigurationList;
			buildConfigurations = (
				577BDC17182D792800116AF2 /* Debug */,
				577BDC18182D792800116AF2 /* Release */,
			);
			defaultConfigurationIsVisible = 0;
			defaultConfigurationName = Release;
		};
/* End XCConfigurationList section */
	};
	rootObject = 577BDBDD182D792800116AF2 /* Project object */;
}
